
Microsoft Visual Studio Solution File, Format Version 12.00
# Visual Studio 15
VisualStudioVersion = 15.0.28307.539
MinimumVisualStudioVersion = 10.0.40219.1
Project("{FAE04EC0-301F-11D3-BF4B-00C04F79EFBC}") = "Presentacion", "Presentacion\Presentacion.csproj", "{06E050DB-C76F-4183-B85D-4782458B9C37}"
EndProject
Project("{FAE04EC0-301F-11D3-BF4B-00C04F79EFBC}") = "CapaDeNegocios", "CapaDeNegocios\CapaDeNegocios.csproj", "{770D6079-0563-4F37-8151-81C421393BFD}"
EndProject
Project("{FAE04EC0-301F-11D3-BF4B-00C04F79EFBC}") = "CapaDeDatos", "CapaDeDatos\CapaDeDatos.csproj", "{A6B79689-9A77-4349-9828-7A2F180A7F32}"
EndProject
Project("{FAE04EC0-301F-11D3-BF4B-00C04F79EFBC}") = "CapaDeEntidad", "CapaDeEntidad\CapaDeEntidad.csproj", "{1A1CC304-2722-44EC-B1BD-3AC5D86A64F4}"
EndProject
Global
	GlobalSection(SolutionConfigurationPlatforms) = preSolution
		Debug|Any CPU = Debug|Any CPU
		Release|Any CPU = Release|Any CPU
	EndGlobalSection
	GlobalSection(ProjectConfigurationPlatforms) = postSolution
		{06E050DB-C76F-4183-B85D-4782458B9C37}.Debug|Any CPU.ActiveCfg = Debug|Any CPU
		{06E050DB-C76F-4183-B85D-4782458B9C37}.Debug|Any CPU.Build.0 = Debug|Any CPU
		{06E050DB-C76F-4183-B85D-4782458B9C37}.Release|Any CPU.ActiveCfg = Release|Any CPU
		{06E050DB-C76F-4183-B85D-4782458B9C37}.Release|Any CPU.Build.0 = Release|Any CPU
		{770D6079-0563-4F37-8151-81C421393BFD}.Debug|Any CPU.ActiveCfg = Debug|Any CPU
		{770D6079-0563-4F37-8151-81C421393BFD}.Debug|Any CPU.Build.0 = Debug|Any CPU
		{770D6079-0563-4F37-8151-81C421393BFD}.Release|Any CPU.ActiveCfg = Release|Any CPU
		{770D6079-0563-4F37-8151-81C421393BFD}.Release|Any CPU.Build.0 = Release|Any CPU
		{A6B79689-9A77-4349-9828-7A2F180A7F32}.Debug|Any CPU.ActiveCfg = Debug|Any CPU
		{A6B79689-9A77-4349-9828-7A2F180A7F32}.Debug|Any CPU.Build.0 = Debug|Any CPU
		{A6B79689-9A77-4349-9828-7A2F180A7F32}.Release|Any CPU.ActiveCfg = Release|Any CPU
		{A6B79689-9A77-4349-9828-7A2F180A7F32}.Release|Any CPU.Build.0 = Release|Any CPU
		{1A1CC304-2722-44EC-B1BD-3AC5D86A64F4}.Debug|Any CPU.ActiveCfg = Debug|Any CPU
		{1A1CC304-2722-44EC-B1BD-3AC5D86A64F4}.Debug|Any CPU.Build.0 = Debug|Any CPU
		{1A1CC304-2722-44EC-B1BD-3AC5D86A64F4}.Release|Any CPU.ActiveCfg = Release|Any CPU
		{1A1CC304-2722-44EC-B1BD-3AC5D86A64F4}.Release|Any CPU.Build.0 = Release|Any CPU
	EndGlobalSection
	GlobalSection(SolutionProperties) = preSolution
		HideSolutionNode = FALSE
	EndGlobalSection
	GlobalSection(ExtensibilityGlobals) = postSolution
		SolutionGuid = {9C980FD1-45AF-460C-A771-BA64AA51941E}
	EndGlobalSection
EndGlobal
